// !$*UTF8*$!
{
	archiveVersion = 1;
	classes = {
	};
	objectVersion = 46;
	objects = {

/* Begin PBXBuildFile section */
		D257E3731C95321D00BE96A6 /* AppDelegate.swift in Sources */ = {isa = PBXBuildFile; fileRef = D257E3721C95321D00BE96A6 /* AppDelegate.swift */; };
		D257E3751C95321D00BE96A6 /* ViewController.swift in Sources */ = {isa = PBXBuildFile; fileRef = D257E3741C95321D00BE96A6 /* ViewController.swift */; };
		D257E3781C95321D00BE96A6 /* Main.storyboard in Resources */ = {isa = PBXBuildFile; fileRef = D257E3761C95321D00BE96A6 /* Main.storyboard */; };
		D257E37A1C95321D00BE96A6 /* Assets.xcassets in Resources */ = {isa = PBXBuildFile; fileRef = D257E3791C95321D00BE96A6 /* Assets.xcassets */; };
		D257E37D1C95321D00BE96A6 /* LaunchScreen.storyboard in Resources */ = {isa = PBXBuildFile; fileRef = D257E37B1C95321D00BE96A6 /* LaunchScreen.storyboard */; };
		D257E3861C95327600BE96A6 /* Post.swift in Sources */ = {isa = PBXBuildFile; fileRef = D257E3851C95327600BE96A6 /* Post.swift */; };
		D257E3891C9538D900BE96A6 /* PostCell.swift in Sources */ = {isa = PBXBuildFile; fileRef = D257E3881C9538D900BE96A6 /* PostCell.swift */; };
		D257E38C1C953D7500BE96A6 /* AddPostVC.swift in Sources */ = {isa = PBXBuildFile; fileRef = D257E38B1C953D7500BE96A6 /* AddPostVC.swift */; };
		D257E38F1C9549D900BE96A6 /* DataService.swift in Sources */ = {isa = PBXBuildFile; fileRef = D257E38E1C9549D900BE96A6 /* DataService.swift */; };
/* End PBXBuildFile section */

/* Begin PBXFileReference section */
		D257E36F1C95321D00BE96A6 /* My Hood.app */ = {isa = PBXFileReference; explicitFileType = wrapper.application; includeInIndex = 0; path = "My Hood.app"; sourceTree = BUILT_PRODUCTS_DIR; };
		D257E3721C95321D00BE96A6 /* AppDelegate.swift */ = {isa = PBXFileReference; lastKnownFileType = sourcecode.swift; path = AppDelegate.swift; sourceTree = "<group>"; };
		D257E3741C95321D00BE96A6 /* ViewController.swift */ = {isa = PBXFileReference; lastKnownFileType = sourcecode.swift; path = ViewController.swift; sourceTree = "<group>"; };
		D257E3771C95321D00BE96A6 /* Base */ = {isa = PBXFileReference; lastKnownFileType = file.storyboard; name = Base; path = Base.lproj/Main.storyboard; sourceTree = "<group>"; };
		D257E3791C95321D00BE96A6 /* Assets.xcassets */ = {isa = PBXFileReference; lastKnownFileType = folder.assetcatalog; path = Assets.xcassets; sourceTree = "<group>"; };
		D257E37C1C95321D00BE96A6 /* Base */ = {isa = PBXFileReference; lastKnownFileType = file.storyboard; name = Base; path = Base.lproj/LaunchScreen.storyboard; sourceTree = "<group>"; };
		D257E37E1C95321D00BE96A6 /* Info.plist */ = {isa = PBXFileReference; lastKnownFileType = text.plist.xml; path = Info.plist; sourceTree = "<group>"; };
		D257E3851C95327600BE96A6 /* Post.swift */ = {isa = PBXFileReference; fileEncoding = 4; lastKnownFileType = sourcecode.swift; path = Post.swift; sourceTree = "<group>"; };
		D257E3881C9538D900BE96A6 /* PostCell.swift */ = {isa = PBXFileReference; fileEncoding = 4; lastKnownFileType = sourcecode.swift; path = PostCell.swift; sourceTree = "<group>"; };
		D257E38B1C953D7500BE96A6 /* AddPostVC.swift */ = {isa = PBXFileReference; fileEncoding = 4; lastKnownFileType = sourcecode.swift; path = AddPostVC.swift; sourceTree = "<group>"; };
		D257E38E1C9549D900BE96A6 /* DataService.swift */ = {isa = PBXFileReference; fileEncoding = 4; lastKnownFileType = sourcecode.swift; path = DataService.swift; sourceTree = "<group>"; };
/* End PBXFileReference section */

/* Begin PBXFrameworksBuildPhase section */
		D257E36C1C95321D00BE96A6 /* Frameworks */ = {
			isa = PBXFrameworksBuildPhase;
			buildActionMask = 2147483647;
			files = (
			);
			runOnlyForDeploymentPostprocessing = 0;
		};
/* End PBXFrameworksBuildPhase section */

/* Begin PBXGroup section */
		D257E3661C95321D00BE96A6 = {
			isa = PBXGroup;
			children = (
				D257E3711C95321D00BE96A6 /* My Hood */,
				D257E3701C95321D00BE96A6 /* Products */,
			);
			sourceTree = "<group>";
		};
		D257E3701C95321D00BE96A6 /* Products */ = {
			isa = PBXGroup;
			children = (
				D257E36F1C95321D00BE96A6 /* My Hood.app */,
			);
			name = Products;
			sourceTree = "<group>";
		};
		D257E3711C95321D00BE96A6 /* My Hood */ = {
			isa = PBXGroup;
			children = (
				D257E38D1C9549C600BE96A6 /* Services */,
				D257E38A1C953D3C00BE96A6 /* Controller */,
				D257E3841C95326400BE96A6 /* Model */,
				D257E3871C9538AF00BE96A6 /* View */,
				D257E3721C95321D00BE96A6 /* AppDelegate.swift */,
				D257E3791C95321D00BE96A6 /* Assets.xcassets */,
				D257E37E1C95321D00BE96A6 /* Info.plist */,
			);
			path = "My Hood";
			sourceTree = "<group>";
		};
		D257E3841C95326400BE96A6 /* Model */ = {
			isa = PBXGroup;
			children = (
				D257E3851C95327600BE96A6 /* Post.swift */,
			);
			name = Model;
			sourceTree = "<group>";
		};
		D257E3871C9538AF00BE96A6 /* View */ = {
			isa = PBXGroup;
			children = (
				D257E3881C9538D900BE96A6 /* PostCell.swift */,
				D257E3761C95321D00BE96A6 /* Main.storyboard */,
				D257E37B1C95321D00BE96A6 /* LaunchScreen.storyboard */,
			);
			name = View;
			sourceTree = "<group>";
		};
		D257E38A1C953D3C00BE96A6 /* Controller */ = {
			isa = PBXGroup;
			children = (
				D257E3741C95321D00BE96A6 /* ViewController.swift */,
				D257E38B1C953D7500BE96A6 /* AddPostVC.swift */,
			);
			name = Controller;
			sourceTree = "<group>";
		};
		D257E38D1C9549C600BE96A6 /* Services */ = {
			isa = PBXGroup;
			children = (
				D257E38E1C9549D900BE96A6 /* DataService.swift */,
			);
			name = Services;
			sourceTree = "<group>";
		};
/* End PBXGroup section */

/* Begin PBXNativeTarget section */
		D257E36E1C95321D00BE96A6 /* My Hood */ = {
			isa = PBXNativeTarget;
			buildConfigurationList = D257E3811C95321D00BE96A6 /* Build configuration list for PBXNativeTarget "My Hood" */;
			buildPhases = (
				D257E36B1C95321D00BE96A6 /* Sources */,
				D257E36C1C95321D00BE96A6 /* Frameworks */,
				D257E36D1C95321D00BE96A6 /* Resources */,
			);
			buildRules = (
			);
			dependencies = (
			);
			name = "My Hood";
			productName = "My Hood";
			productReference = D257E36F1C95321D00BE96A6 /* My Hood.app */;
			productType = "com.apple.product-type.application";
		};
/* End PBXNativeTarget section */

/* Begin PBXProject section */
		D257E3671C95321D00BE96A6 /* Project object */ = {
			isa = PBXProject;
			attributes = {
				LastSwiftUpdateCheck = 0720;
				LastUpgradeCheck = 0720;
				ORGANIZATIONNAME = "Russ Johnson";
				TargetAttributes = {
					D257E36E1C95321D00BE96A6 = {
						CreatedOnToolsVersion = 7.2.1;
					};
				};
			};
			buildConfigurationList = D257E36A1C95321D00BE96A6 /* Build configuration list for PBXProject "My Hood" */;
			compatibilityVersion = "Xcode 3.2";
			developmentRegion = English;
			hasScannedForEncodings = 0;
			knownRegions = (
				en,
				Base,
			);
			mainGroup = D257E3661C95321D00BE96A6;
			productRefGroup = D257E3701C95321D00BE96A6 /* Products */;
			projectDirPath = "";
			projectRoot = "";
			targets = (
				D257E36E1C95321D00BE96A6 /* My Hood */,
			);
		};
/* End PBXProject section */

/* Begin PBXResourcesBuildPhase section */
		D257E36D1C95321D00BE96A6 /* Resources */ = {
			isa = PBXResourcesBuildPhase;
			buildActionMask = 2147483647;
			files = (
				D257E37D1C95321D00BE96A6 /* LaunchScreen.storyboard in Resources */,
				D257E37A1C95321D00BE96A6 /* Assets.xcassets in Resources */,
				D257E3781C95321D00BE96A6 /* Main.storyboard in Resources */,
			);
			runOnlyForDeploymentPostprocessing = 0;
		};
/* End PBXResourcesBuildPhase section */

/* Begin PBXSourcesBuildPhase section */
		D257E36B1C95321D00BE96A6 /* Sources */ = {
			isa = PBXSourcesBuildPhase;
			buildActionMask = 2147483647;
			files = (
				D257E3861C95327600BE96A6 /* Post.swift in Sources */,
				D257E3751C95321D00BE96A6 /* ViewController.swift in Sources */,
				D257E38C1C953D7500BE96A6 /* AddPostVC.swift in Sources */,
				D257E38F1C9549D900BE96A6 /* DataService.swift in Sources */,
				D257E3731C95321D00BE96A6 /* AppDelegate.swift in Sources */,
				D257E3891C9538D900BE96A6 /* PostCell.swift in Sources */,
			);
			runOnlyForDeploymentPostprocessing = 0;
		};
/* End PBXSourcesBuildPhase section */

/* Begin PBXVariantGroup section */
		D257E3761C95321D00BE96A6 /* Main.storyboard */ = {
			isa = PBXVariantGroup;
			children = (
				D257E3771C95321D00BE96A6 /* Base */,
			);
			name = Main.storyboard;
			sourceTree = "<group>";
		};
		D257E37B1C95321D00BE96A6 /* LaunchScreen.storyboard */ = {
			isa = PBXVariantGroup;
			children = (
				D257E37C1C95321D00BE96A6 /* Base */,
			);
			name = LaunchScreen.storyboard;
			sourceTree = "<group>";
		};
/* End PBXVariantGroup section */

/* Begin XCBuildConfiguration section */
		D257E37F1C95321D00BE96A6 /* Debug */ = {
			isa = XCBuildConfiguration;
			buildSettings = {
				ALWAYS_SEARCH_USER_PATHS = NO;
				CLANG_CXX_LANGUAGE_STANDARD = "gnu++0x";
				CLANG_CXX_LIBRARY = "libc++";
				CLANG_ENABLE_MODULES = YES;
				CLANG_ENABLE_OBJC_ARC = YES;
				CLANG_WARN_BOOL_CONVERSION = YES;
				CLANG_WARN_CONSTANT_CONVERSION = YES;
				CLANG_WARN_DIRECT_OBJC_ISA_USAGE = YES_ERROR;
				CLANG_WARN_EMPTY_BODY = YES;
				CLANG_WARN_ENUM_CONVERSION = YES;
				CLANG_WARN_INT_CONVERSION = YES;
				CLANG_WARN_OBJC_ROOT_CLASS = YES_ERROR;
				CLANG_WARN_UNREACHABLE_CODE = YES;
				CLANG_WARN__DUPLICATE_METHOD_MATCH = YES;
				"CODE_SIGN_IDENTITY[sdk=iphoneos*]" = "iPhone Developer";
				COPY_PHASE_STRIP = NO;
				DEBUG_INFORMATION_FORMAT = dwarf;
				ENABLE_STRICT_OBJC_MSGSEND = YES;
				ENABLE_TESTABILITY = YES;
				GCC_C_LANGUAGE_STANDARD = gnu99;
				GCC_DYNAMIC_NO_PIC = NO;
				GCC_NO_COMMON_BLOCKS = YES;
				GCC_OPTIMIZATION_LEVEL = 0;
				GCC_PREPROCESSOR_DEFINITIONS = (
					"DEBUG=1",
					"$(inherited)",
				);
				GCC_WARN_64_TO_32_BIT_CONVERSION = YES;
				GCC_WARN_ABOUT_RETURN_TYPE = YES_ERROR;
				GCC_WARN_UNDECLARED_SELECTOR = YES;
				GCC_WARN_UNINITIALIZED_AUTOS = YES_AGGRESSIVE;
				GCC_WARN_UNUSED_FUNCTION = YES;
				GCC_WARN_UNUSED_VARIABLE = YES;
				IPHONEOS_DEPLOYMENT_TARGET = 9.2;
				MTL_ENABLE_DEBUG_INFO = YES;
				ONLY_ACTIVE_ARCH = YES;
				SDKROOT = iphoneos;
				SWIFT_OPTIMIZATION_LEVEL = "-Onone";
				TARGETED_DEVICE_FAMILY = "1,2";
			};
			name = Debug;
		};
		D257E3801C95321D00BE96A6 /* Release */ = {
			isa = XCBuildConfiguration;
			buildSettings = {
				ALWAYS_SEARCH_USER_PATHS = NO;
				CLANG_CXX_LANGUAGE_STANDARD = "gnu++0x";
				CLANG_CXX_LIBRARY = "libc++";
				CLANG_ENABLE_MODULES = YES;
				CLANG_ENABLE_OBJC_ARC = YES;
				CLANG_WARN_BOOL_CONVERSION = YES;
				CLANG_WARN_CONSTANT_CONVERSION = YES;
				CLANG_WARN_DIRECT_OBJC_ISA_USAGE = YES_ERROR;
				CLANG_WARN_EMPTY_BODY = YES;
				CLANG_WARN_ENUM_CONVERSION = YES;
				CLANG_WARN_INT_CONVERSION = YES;
				CLANG_WARN_OBJC_ROOT_CLASS = YES_ERROR;
				CLANG_WARN_UNREACHABLE_CODE = YES;
				CLANG_WARN__DUPLICATE_METHOD_MATCH = YES;
				"CODE_SIGN_IDENTITY[sdk=iphoneos*]" = "iPhone Developer";
				COPY_PHASE_STRIP = NO;
				DEBUG_INFORMATION_FORMAT = "dwarf-with-dsym";
				ENABLE_NS_ASSERTIONS = NO;
				ENABLE_STRICT_OBJC_MSGSEND = YES;
				GCC_C_LANGUAGE_STANDARD = gnu99;
				GCC_NO_COMMON_BLOCKS = YES;
				GCC_WARN_64_TO_32_BIT_CONVERSION = YES;
				GCC_WARN_ABOUT_RETURN_TYPE = YES_ERROR;
				GCC_WARN_UNDECLARED_SELECTOR = YES;
				GCC_WARN_UNINITIALIZED_AUTOS = YES_AGGRESSIVE;
				GCC_WARN_UNUSED_FUNCTION = YES;
				GCC_WARN_UNUSED_VARIABLE = YES;
				IPHONEOS_DEPLOYMENT_TARGET = 9.2;
				MTL_ENABLE_DEBUG_INFO = NO;
				SDKROOT = iphoneos;
				TARGETED_DEVICE_FAMILY = "1,2";
				VALIDATE_PRODUCT = YES;
			};
			name = Release;
		};
		D257E3821C95321D00BE96A6 /* Debug */ = {
			isa = XCBuildConfiguration;
			buildSettings = {
				ASSETCATALOG_COMPILER_APPICON_NAME = AppIcon;
				INFOPLIST_FILE = "My Hood/Info.plist";
				LD_RUNPATH_SEARCH_PATHS = "$(inherited) @executable_path/Frameworks";
				PRODUCT_BUNDLE_IDENTIFIER = "com.angry-fly.My-Hood";
				PRODUCT_NAME = "$(TARGET_NAME)";
			};
			name = Debug;
		};
		D257E3831C95321D00BE96A6 /* Release */ = {
			isa = XCBuildConfiguration;
			buildSettings = {
				ASSETCATALOG_COMPILER_APPICON_NAME = AppIcon;
				INFOPLIST_FILE = "My Hood/Info.plist";
				LD_RUNPATH_SEARCH_PATHS = "$(inherited) @executable_path/Frameworks";
				PRODUCT_BUNDLE_IDENTIFIER = "com.angry-fly.My-Hood";
				PRODUCT_NAME = "$(TARGET_NAME)";
			};
			name = Release;
		};
/* End XCBuildConfiguration section */

/* Begin XCConfigurationList section */
		D257E36A1C95321D00BE96A6 /* Build configuration list for PBXProject "My Hood" */ = {
			isa = XCConfigurationList;
			buildConfigurations = (
				D257E37F1C95321D00BE96A6 /* Debug */,
				D257E3801C95321D00BE96A6 /* Release */,
			);
			defaultConfigurationIsVisible = 0;
			defaultConfigurationName = Release;
		};
		D257E3811C95321D00BE96A6 /* Build configuration list for PBXNativeTarget "My Hood" */ = {
			isa = XCConfigurationList;
			buildConfigurations = (
				D257E3821C95321D00BE96A6 /* Debug */,
				D257E3831C95321D00BE96A6 /* Release */,
			);
			defaultConfigurationIsVisible = 0;
		};
/* End XCConfigurationList section */
	};
	rootObject = D257E3671C95321D00BE96A6 /* Project object */;
}
